
Microsoft Visual Studio Solution File, Format Version 12.00
# Visual Studio Version 17
VisualStudioVersion = 17.8.34322.80
MinimumVisualStudioVersion = 10.0.40219.1
Project("{FAE04EC0-301F-11D3-BF4B-00C04F79EFBC}") = "WebAPI", "WebAPI.csproj", "{AE4EE353-ECE2-40C2-929E-E7ACDB9A8AE7}"
EndProject
Global
	GlobalSection(SolutionConfigurationPlatforms) = preSolution
		Debug|Any CPU = Debug|Any CPU
		Release|Any CPU = Release|Any CPU
	EndGlobalSection
	GlobalSection(ProjectConfigurationPlatforms) = postSolution
		{AE4EE353-ECE2-40C2-929E-E7ACDB9A8AE7}.Debug|Any CPU.ActiveCfg = Debug|Any CPU
		{AE4EE353-ECE2-40C2-929E-E7ACDB9A8AE7}.Debug|Any CPU.Build.0 = Debug|Any CPU
		{AE4EE353-ECE2-40C2-929E-E7ACDB9A8AE7}.Release|Any CPU.ActiveCfg = Release|Any CPU
		{AE4EE353-ECE2-40C2-929E-E7ACDB9A8AE7}.Release|Any CPU.Build.0 = Release|Any CPU
	EndGlobalSection
	GlobalSection(SolutionProperties) = preSolution
		HideSolutionNode = FALSE
	EndGlobalSection
	GlobalSection(ExtensibilityGlobals) = postSolution
		SolutionGuid = {54EEB3B2-5FCD-440A-91DD-DBD516FC54D8}
	EndGlobalSection
EndGlobal
